{
  "name": "blackjack",
  "version": "1.0.0",
  "lockfileVersion": 1,
  "requires": true,
  "dependencies": {
    "react-native-tts": {
      "version": "3.1.1",
      "resolved": "https://registry.npmjs.org/react-native-tts/-/react-native-tts-3.1.1.tgz",
      "integrity": "sha512-EGwapFt1CMBopawc8WvpHRv/oXZnOQPuS5ZHrKp0zpz7Kosb6aN1cyj6YSUX2LzcqP6glhrvCPS+PPkW2yMbRQ=="
    }
  }
}
